
Microsoft Visual Studio Solution File, Format Version 12.00
# Visual Studio 2012
Project("{FAE04EC0-301F-11D3-BF4B-00C04F79EFBC}") = "BackupManager", "BackupManager\BackupManager.csproj", "{F44C5B3D-B470-4485-B202-09E2F9F3DE0B}"
EndProject
Global
	
	GlobalSection(SolutionConfigurationPlatforms) = preSolution
		Debug|Any CPU = Debug|Any CPU
		Release|Any CPU = Release|Any CPU
	EndGlobalSection
	GlobalSection(ProjectConfigurationPlatforms) = postSolution
		{F44C5B3D-B470-4485-B202-09E2F9F3DE0B}.Debug|Any CPU.ActiveCfg = Debug|Any CPU
		{F44C5B3D-B470-4485-B202-09E2F9F3DE0B}.Debug|Any CPU.Build.0 = Debug|Any CPU
		{F44C5B3D-B470-4485-B202-09E2F9F3DE0B}.Release|Any CPU.ActiveCfg = Release|Any CPU
		{F44C5B3D-B470-4485-B202-09E2F9F3DE0B}.Release|Any CPU.Build.0 = Release|Any CPU
	EndGlobalSection
	GlobalSection(SolutionProperties) = preSolution
		HideSolutionNode = FALSE
	EndGlobalSection
EndGlobal
