
Microsoft Visual Studio Solution File, Format Version 12.00
# Visual Studio Version 17
VisualStudioVersion = 17.6.33829.357
MinimumVisualStudioVersion = 10.0.40219.1
Project("{FAE04EC0-301F-11D3-BF4B-00C04F79EFBC}") = "BackupManager", "BackupManager\BackupManager.csproj", "{F44C5B3D-B470-4485-B202-09E2F9F3DE0B}"
EndProject
Project("{FAE04EC0-301F-11D3-BF4B-00C04F79EFBC}") = "TestProject", "TestProject\TestProject.csproj", "{6D7C81C9-283B-4176-8E12-870BDA06B174}"
EndProject
Project("{2150E333-8FDC-42A3-9474-1A3956D46DE8}") = "Solution Items", "Solution Items", "{1321B279-0615-4242-86CB-07E4ED38D6A7}"
	ProjectSection(SolutionItems) = preProject
		.editorconfig = .editorconfig
	EndProjectSection
EndProject
Global
	GlobalSection(SolutionConfigurationPlatforms) = preSolution
		Debug|Any CPU = Debug|Any CPU
		Release|Any CPU = Release|Any CPU
	EndGlobalSection
	GlobalSection(ProjectConfigurationPlatforms) = postSolution
		{F44C5B3D-B470-4485-B202-09E2F9F3DE0B}.Debug|Any CPU.ActiveCfg = Debug|Any CPU
		{F44C5B3D-B470-4485-B202-09E2F9F3DE0B}.Debug|Any CPU.Build.0 = Debug|Any CPU
		{F44C5B3D-B470-4485-B202-09E2F9F3DE0B}.Release|Any CPU.ActiveCfg = Release|Any CPU
		{F44C5B3D-B470-4485-B202-09E2F9F3DE0B}.Release|Any CPU.Build.0 = Release|Any CPU
		{6D7C81C9-283B-4176-8E12-870BDA06B174}.Debug|Any CPU.ActiveCfg = Debug|Any CPU
		{6D7C81C9-283B-4176-8E12-870BDA06B174}.Debug|Any CPU.Build.0 = Debug|Any CPU
		{6D7C81C9-283B-4176-8E12-870BDA06B174}.Release|Any CPU.ActiveCfg = Release|Any CPU
		{6D7C81C9-283B-4176-8E12-870BDA06B174}.Release|Any CPU.Build.0 = Release|Any CPU
	EndGlobalSection
	GlobalSection(SolutionProperties) = preSolution
		HideSolutionNode = FALSE
	EndGlobalSection
	GlobalSection(ExtensibilityGlobals) = postSolution
		SolutionGuid = {19EA6495-07B1-4DF1-969B-8F53BE83C9FA}
	EndGlobalSection
EndGlobal
